
Microsoft Visual Studio Solution File, Format Version 12.00
# Visual Studio 14
VisualStudioVersion = 14.0.25420.1
MinimumVisualStudioVersion = 10.0.40219.1
Project("{FAE04EC0-301F-11D3-BF4B-00C04F79EFBC}") = "UI", "UI\UI.csproj", "{BD6E096E-F9CE-4370-A08A-359FCF8888F3}"
EndProject
Project("{FAE04EC0-301F-11D3-BF4B-00C04F79EFBC}") = "BL", "BL\BL.csproj", "{454A27E8-443D-49CA-9C85-ED15373D5831}"
EndProject
Project("{FAE04EC0-301F-11D3-BF4B-00C04F79EFBC}") = "DAL", "DAL\DAL.csproj", "{5F08C92E-8255-4D4F-AF36-A5D358C80103}"
EndProject
Global
	GlobalSection(SolutionConfigurationPlatforms) = preSolution
		Debug|Any CPU = Debug|Any CPU
		Release|Any CPU = Release|Any CPU
	EndGlobalSection
	GlobalSection(ProjectConfigurationPlatforms) = postSolution
		{BD6E096E-F9CE-4370-A08A-359FCF8888F3}.Debug|Any CPU.ActiveCfg = Debug|Any CPU
		{BD6E096E-F9CE-4370-A08A-359FCF8888F3}.Debug|Any CPU.Build.0 = Debug|Any CPU
		{BD6E096E-F9CE-4370-A08A-359FCF8888F3}.Release|Any CPU.ActiveCfg = Release|Any CPU
		{BD6E096E-F9CE-4370-A08A-359FCF8888F3}.Release|Any CPU.Build.0 = Release|Any CPU
		{454A27E8-443D-49CA-9C85-ED15373D5831}.Debug|Any CPU.ActiveCfg = Debug|Any CPU
		{454A27E8-443D-49CA-9C85-ED15373D5831}.Debug|Any CPU.Build.0 = Debug|Any CPU
		{454A27E8-443D-49CA-9C85-ED15373D5831}.Release|Any CPU.ActiveCfg = Release|Any CPU
		{454A27E8-443D-49CA-9C85-ED15373D5831}.Release|Any CPU.Build.0 = Release|Any CPU
		{5F08C92E-8255-4D4F-AF36-A5D358C80103}.Debug|Any CPU.ActiveCfg = Debug|Any CPU
		{5F08C92E-8255-4D4F-AF36-A5D358C80103}.Debug|Any CPU.Build.0 = Debug|Any CPU
		{5F08C92E-8255-4D4F-AF36-A5D358C80103}.Release|Any CPU.ActiveCfg = Release|Any CPU
		{5F08C92E-8255-4D4F-AF36-A5D358C80103}.Release|Any CPU.Build.0 = Release|Any CPU
	EndGlobalSection
	GlobalSection(SolutionProperties) = preSolution
		HideSolutionNode = FALSE
	EndGlobalSection
EndGlobal
